// !$*UTF8*$!
{
	archiveVersion = 1;
	classes = {
	};
	objectVersion = 50;
	objects = {

/* Begin PBXBuildFile section */
		883D1FA422D3B4FF006C56FB /* AppDelegate.swift in Sources */ = {isa = PBXBuildFile; fileRef = 883D1FA322D3B4FF006C56FB /* AppDelegate.swift */; };
		883D1FAB22D3B500006C56FB /* Assets.xcassets in Resources */ = {isa = PBXBuildFile; fileRef = 883D1FAA22D3B500006C56FB /* Assets.xcassets */; };
		883D1FAE22D3B500006C56FB /* LaunchScreen.storyboard in Resources */ = {isa = PBXBuildFile; fileRef = 883D1FAC22D3B500006C56FB /* LaunchScreen.storyboard */; };
		883D203622D3B862006C56FB /* ServicesAssembly.swift in Sources */ = {isa = PBXBuildFile; fileRef = 883D201022D3B861006C56FB /* ServicesAssembly.swift */; };
		883D203722D3B862006C56FB /* IServicesAssembly.swift in Sources */ = {isa = PBXBuildFile; fileRef = 883D201122D3B861006C56FB /* IServicesAssembly.swift */; };
		883D203822D3B862006C56FB /* EntropyManager.swift in Sources */ = {isa = PBXBuildFile; fileRef = 883D201322D3B861006C56FB /* EntropyManager.swift */; };
		883D203922D3B862006C56FB /* CoreAssembly.swift in Sources */ = {isa = PBXBuildFile; fileRef = 883D201622D3B861006C56FB /* CoreAssembly.swift */; };
		883D203A22D3B862006C56FB /* ICoreAssembly.swift in Sources */ = {isa = PBXBuildFile; fileRef = 883D201722D3B861006C56FB /* ICoreAssembly.swift */; };
		883D203B22D3B862006C56FB /* SourceFoundation.swift in Sources */ = {isa = PBXBuildFile; fileRef = 883D201922D3B861006C56FB /* SourceFoundation.swift */; };
		883D203C22D3B862006C56FB /* SourceReserved.swift in Sources */ = {isa = PBXBuildFile; fileRef = 883D201A22D3B861006C56FB /* SourceReserved.swift */; };
		883D203D22D3B862006C56FB /* SourceDispatch.swift in Sources */ = {isa = PBXBuildFile; fileRef = 883D201B22D3B861006C56FB /* SourceDispatch.swift */; };
		883D203E22D3B862006C56FB /* SourceUIKit.swift in Sources */ = {isa = PBXBuildFile; fileRef = 883D201C22D3B861006C56FB /* SourceUIKit.swift */; };
		883D203F22D3B862006C56FB /* SourceCoreLocation.swift in Sources */ = {isa = PBXBuildFile; fileRef = 883D201D22D3B861006C56FB /* SourceCoreLocation.swift */; };
		883D204022D3B862006C56FB /* SourceCoreMotion.swift in Sources */ = {isa = PBXBuildFile; fileRef = 883D201E22D3B861006C56FB /* SourceCoreMotion.swift */; };
		883D204122D3B862006C56FB /* SourceAVFoundation.swift in Sources */ = {isa = PBXBuildFile; fileRef = 883D201F22D3B861006C56FB /* SourceAVFoundation.swift */; };
		883D204222D3B862006C56FB /* RootAssembly.swift in Sources */ = {isa = PBXBuildFile; fileRef = 883D202022D3B861006C56FB /* RootAssembly.swift */; };
		883D204322D3B862006C56FB /* EntropySourcesListViewController.xib in Resources */ = {isa = PBXBuildFile; fileRef = 883D202322D3B861006C56FB /* EntropySourcesListViewController.xib */; };
		883D204422D3B862006C56FB /* EntropySourcesListViewController.swift in Sources */ = {isa = PBXBuildFile; fileRef = 883D202422D3B861006C56FB /* EntropySourcesListViewController.swift */; };
		883D204522D3B862006C56FB /* EntropySourcesListModel.swift in Sources */ = {isa = PBXBuildFile; fileRef = 883D202522D3B861006C56FB /* EntropySourcesListModel.swift */; };
		883D204622D3B862006C56FB /* EntropySourceModel.swift in Sources */ = {isa = PBXBuildFile; fileRef = 883D202722D3B861006C56FB /* EntropySourceModel.swift */; };
		883D204722D3B862006C56FB /* EntropySourceViewController.xib in Resources */ = {isa = PBXBuildFile; fileRef = 883D202822D3B861006C56FB /* EntropySourceViewController.xib */; };
		883D204922D3B862006C56FB /* IPresentationAssembly.swift in Sources */ = {isa = PBXBuildFile; fileRef = 883D202B22D3B861006C56FB /* IPresentationAssembly.swift */; };
		883D204A22D3B862006C56FB /* PresentationAssembly.swift in Sources */ = {isa = PBXBuildFile; fileRef = 883D202C22D3B861006C56FB /* PresentationAssembly.swift */; };
		883D204E22D3B862006C56FB /* AboutModel.swift in Sources */ = {isa = PBXBuildFile; fileRef = 883D203222D3B861006C56FB /* AboutModel.swift */; };
		883D204F22D3B862006C56FB /* AboutViewController.xib in Resources */ = {isa = PBXBuildFile; fileRef = 883D203322D3B861006C56FB /* AboutViewController.xib */; };
		883D205022D3B862006C56FB /* AboutViewController.swift in Sources */ = {isa = PBXBuildFile; fileRef = 883D203422D3B861006C56FB /* AboutViewController.swift */; };
		883D205122D3B862006C56FB /* IRootAssembly.swift in Sources */ = {isa = PBXBuildFile; fileRef = 883D203522D3B862006C56FB /* IRootAssembly.swift */; };
		883D205522D3B98E006C56FB /* EntropyListCell.xib in Resources */ = {isa = PBXBuildFile; fileRef = 883D205322D3B98D006C56FB /* EntropyListCell.xib */; };
		883D205622D3B98E006C56FB /* EntropyListCell.swift in Sources */ = {isa = PBXBuildFile; fileRef = 883D205422D3B98D006C56FB /* EntropyListCell.swift */; };
		883D205A22D5EF38006C56FB /* Double.swift in Sources */ = {isa = PBXBuildFile; fileRef = 883D205922D5EF38006C56FB /* Double.swift */; };
		883DC2D622DCC0150057E4F5 /* Statistics.swift in Sources */ = {isa = PBXBuildFile; fileRef = 883DC2D522DCC0150057E4F5 /* Statistics.swift */; };
		8870CD3322D60925008D3F37 /* ReservedViewController.xib in Resources */ = {isa = PBXBuildFile; fileRef = 883D203022D3B861006C56FB /* ReservedViewController.xib */; };
		8870CD3422D60930008D3F37 /* ReservedViewController.swift in Sources */ = {isa = PBXBuildFile; fileRef = 883D202E22D3B861006C56FB /* ReservedViewController.swift */; };
		8870CD3522D60930008D3F37 /* ReservedModel.swift in Sources */ = {isa = PBXBuildFile; fileRef = 883D202F22D3B861006C56FB /* ReservedModel.swift */; };
		8870CD3A22D65ABE008D3F37 /* TouchView.swift in Sources */ = {isa = PBXBuildFile; fileRef = 8870CD3922D65ABE008D3F37 /* TouchView.swift */; };
		8870CD3C22D65C25008D3F37 /* EntropySourceViewController.swift in Sources */ = {isa = PBXBuildFile; fileRef = 8870CD3B22D65C25008D3F37 /* EntropySourceViewController.swift */; };
		88E84ABC237ECECB00F517EB /* SourceEntropy+ISourceEntropy.swift in Sources */ = {isa = PBXBuildFile; fileRef = 88E84ABB237ECECB00F517EB /* SourceEntropy+ISourceEntropy.swift */; };
/* End PBXBuildFile section */

/* Begin PBXFileReference section */
		883D1FA022D3B4FF006C56FB /* EntropyApp.app */ = {isa = PBXFileReference; explicitFileType = wrapper.application; includeInIndex = 0; path = EntropyApp.app; sourceTree = BUILT_PRODUCTS_DIR; };
		883D1FA322D3B4FF006C56FB /* AppDelegate.swift */ = {isa = PBXFileReference; lastKnownFileType = sourcecode.swift; path = AppDelegate.swift; sourceTree = "<group>"; };
		883D1FAA22D3B500006C56FB /* Assets.xcassets */ = {isa = PBXFileReference; lastKnownFileType = folder.assetcatalog; path = Assets.xcassets; sourceTree = "<group>"; };
		883D1FAD22D3B500006C56FB /* Base */ = {isa = PBXFileReference; lastKnownFileType = file.storyboard; name = Base; path = Base.lproj/LaunchScreen.storyboard; sourceTree = "<group>"; };
		883D1FAF22D3B500006C56FB /* Info.plist */ = {isa = PBXFileReference; lastKnownFileType = text.plist.xml; path = Info.plist; sourceTree = "<group>"; };
		883D201022D3B861006C56FB /* ServicesAssembly.swift */ = {isa = PBXFileReference; fileEncoding = 4; lastKnownFileType = sourcecode.swift; path = ServicesAssembly.swift; sourceTree = "<group>"; };
		883D201122D3B861006C56FB /* IServicesAssembly.swift */ = {isa = PBXFileReference; fileEncoding = 4; lastKnownFileType = sourcecode.swift; path = IServicesAssembly.swift; sourceTree = "<group>"; };
		883D201322D3B861006C56FB /* EntropyManager.swift */ = {isa = PBXFileReference; fileEncoding = 4; lastKnownFileType = sourcecode.swift; path = EntropyManager.swift; sourceTree = "<group>"; };
		883D201622D3B861006C56FB /* CoreAssembly.swift */ = {isa = PBXFileReference; fileEncoding = 4; lastKnownFileType = sourcecode.swift; path = CoreAssembly.swift; sourceTree = "<group>"; };
		883D201722D3B861006C56FB /* ICoreAssembly.swift */ = {isa = PBXFileReference; fileEncoding = 4; lastKnownFileType = sourcecode.swift; path = ICoreAssembly.swift; sourceTree = "<group>"; };
		883D201922D3B861006C56FB /* SourceFoundation.swift */ = {isa = PBXFileReference; fileEncoding = 4; lastKnownFileType = sourcecode.swift; path = SourceFoundation.swift; sourceTree = "<group>"; };
		883D201A22D3B861006C56FB /* SourceReserved.swift */ = {isa = PBXFileReference; fileEncoding = 4; lastKnownFileType = sourcecode.swift; path = SourceReserved.swift; sourceTree = "<group>"; };
		883D201B22D3B861006C56FB /* SourceDispatch.swift */ = {isa = PBXFileReference; fileEncoding = 4; lastKnownFileType = sourcecode.swift; path = SourceDispatch.swift; sourceTree = "<group>"; };
		883D201C22D3B861006C56FB /* SourceUIKit.swift */ = {isa = PBXFileReference; fileEncoding = 4; lastKnownFileType = sourcecode.swift; path = SourceUIKit.swift; sourceTree = "<group>"; };
		883D201D22D3B861006C56FB /* SourceCoreLocation.swift */ = {isa = PBXFileReference; fileEncoding = 4; lastKnownFileType = sourcecode.swift; path = SourceCoreLocation.swift; sourceTree = "<group>"; };
		883D201E22D3B861006C56FB /* SourceCoreMotion.swift */ = {isa = PBXFileReference; fileEncoding = 4; lastKnownFileType = sourcecode.swift; path = SourceCoreMotion.swift; sourceTree = "<group>"; };
		883D201F22D3B861006C56FB /* SourceAVFoundation.swift */ = {isa = PBXFileReference; fileEncoding = 4; lastKnownFileType = sourcecode.swift; path = SourceAVFoundation.swift; sourceTree = "<group>"; };
		883D202022D3B861006C56FB /* RootAssembly.swift */ = {isa = PBXFileReference; fileEncoding = 4; lastKnownFileType = sourcecode.swift; path = RootAssembly.swift; sourceTree = "<group>"; };
		883D202322D3B861006C56FB /* EntropySourcesListViewController.xib */ = {isa = PBXFileReference; fileEncoding = 4; lastKnownFileType = file.xib; path = EntropySourcesListViewController.xib; sourceTree = "<group>"; };
		883D202422D3B861006C56FB /* EntropySourcesListViewController.swift */ = {isa = PBXFileReference; fileEncoding = 4; lastKnownFileType = sourcecode.swift; path = EntropySourcesListViewController.swift; sourceTree = "<group>"; };
		883D202522D3B861006C56FB /* EntropySourcesListModel.swift */ = {isa = PBXFileReference; fileEncoding = 4; lastKnownFileType = sourcecode.swift; path = EntropySourcesListModel.swift; sourceTree = "<group>"; };
		883D202722D3B861006C56FB /* EntropySourceModel.swift */ = {isa = PBXFileReference; fileEncoding = 4; lastKnownFileType = sourcecode.swift; path = EntropySourceModel.swift; sourceTree = "<group>"; };
		883D202822D3B861006C56FB /* EntropySourceViewController.xib */ = {isa = PBXFileReference; fileEncoding = 4; lastKnownFileType = file.xib; path = EntropySourceViewController.xib; sourceTree = "<group>"; };
		883D202B22D3B861006C56FB /* IPresentationAssembly.swift */ = {isa = PBXFileReference; fileEncoding = 4; lastKnownFileType = sourcecode.swift; path = IPresentationAssembly.swift; sourceTree = "<group>"; };
		883D202C22D3B861006C56FB /* PresentationAssembly.swift */ = {isa = PBXFileReference; fileEncoding = 4; lastKnownFileType = sourcecode.swift; path = PresentationAssembly.swift; sourceTree = "<group>"; };
		883D202E22D3B861006C56FB /* ReservedViewController.swift */ = {isa = PBXFileReference; fileEncoding = 4; lastKnownFileType = sourcecode.swift; path = ReservedViewController.swift; sourceTree = "<group>"; };
		883D202F22D3B861006C56FB /* ReservedModel.swift */ = {isa = PBXFileReference; fileEncoding = 4; lastKnownFileType = sourcecode.swift; path = ReservedModel.swift; sourceTree = "<group>"; };
		883D203022D3B861006C56FB /* ReservedViewController.xib */ = {isa = PBXFileReference; fileEncoding = 4; lastKnownFileType = file.xib; path = ReservedViewController.xib; sourceTree = "<group>"; };
		883D203222D3B861006C56FB /* AboutModel.swift */ = {isa = PBXFileReference; fileEncoding = 4; lastKnownFileType = sourcecode.swift; path = AboutModel.swift; sourceTree = "<group>"; };
		883D203322D3B861006C56FB /* AboutViewController.xib */ = {isa = PBXFileReference; fileEncoding = 4; lastKnownFileType = file.xib; path = AboutViewController.xib; sourceTree = "<group>"; };
		883D203422D3B861006C56FB /* AboutViewController.swift */ = {isa = PBXFileReference; fileEncoding = 4; lastKnownFileType = sourcecode.swift; path = AboutViewController.swift; sourceTree = "<group>"; };
		883D203522D3B862006C56FB /* IRootAssembly.swift */ = {isa = PBXFileReference; fileEncoding = 4; lastKnownFileType = sourcecode.swift; path = IRootAssembly.swift; sourceTree = "<group>"; };
		883D205322D3B98D006C56FB /* EntropyListCell.xib */ = {isa = PBXFileReference; fileEncoding = 4; lastKnownFileType = file.xib; path = EntropyListCell.xib; sourceTree = "<group>"; };
		883D205422D3B98D006C56FB /* EntropyListCell.swift */ = {isa = PBXFileReference; fileEncoding = 4; lastKnownFileType = sourcecode.swift; path = EntropyListCell.swift; sourceTree = "<group>"; };
		883D205922D5EF38006C56FB /* Double.swift */ = {isa = PBXFileReference; lastKnownFileType = sourcecode.swift; path = Double.swift; sourceTree = "<group>"; };
		883DC2D522DCC0150057E4F5 /* Statistics.swift */ = {isa = PBXFileReference; lastKnownFileType = sourcecode.swift; path = Statistics.swift; sourceTree = "<group>"; };
		8870CD3922D65ABE008D3F37 /* TouchView.swift */ = {isa = PBXFileReference; lastKnownFileType = sourcecode.swift; path = TouchView.swift; sourceTree = "<group>"; };
		8870CD3B22D65C25008D3F37 /* EntropySourceViewController.swift */ = {isa = PBXFileReference; fileEncoding = 4; lastKnownFileType = sourcecode.swift; path = EntropySourceViewController.swift; sourceTree = "<group>"; };
		88E84ABB237ECECB00F517EB /* SourceEntropy+ISourceEntropy.swift */ = {isa = PBXFileReference; lastKnownFileType = sourcecode.swift; path = "SourceEntropy+ISourceEntropy.swift"; sourceTree = "<group>"; };
/* End PBXFileReference section */

/* Begin PBXFrameworksBuildPhase section */
		883D1F9D22D3B4FF006C56FB /* Frameworks */ = {
			isa = PBXFrameworksBuildPhase;
			buildActionMask = 2147483647;
			files = (
			);
			runOnlyForDeploymentPostprocessing = 0;
		};
/* End PBXFrameworksBuildPhase section */

/* Begin PBXGroup section */
		883D1F9722D3B4FF006C56FB = {
			isa = PBXGroup;
			children = (
				883D1FA222D3B4FF006C56FB /* EntropyApp */,
				883D1FA122D3B4FF006C56FB /* Products */,
			);
			sourceTree = "<group>";
		};
		883D1FA122D3B4FF006C56FB /* Products */ = {
			isa = PBXGroup;
			children = (
				883D1FA022D3B4FF006C56FB /* EntropyApp.app */,
			);
			name = Products;
			sourceTree = "<group>";
		};
		883D1FA222D3B4FF006C56FB /* EntropyApp */ = {
			isa = PBXGroup;
			children = (
				883D1FA322D3B4FF006C56FB /* AppDelegate.swift */,
				88E84ABE237ECF2500F517EB /* Assembly */,
				883D202122D3B861006C56FB /* Presentation */,
				883D200E22D3B861006C56FB /* Services */,
				883D201422D3B861006C56FB /* Core */,
				88E84ABD237ECEF700F517EB /* Supporting Files */,
			);
			path = EntropyApp;
			sourceTree = "<group>";
		};
		883D200E22D3B861006C56FB /* Services */ = {
			isa = PBXGroup;
			children = (
				883D200F22D3B861006C56FB /* Assembly */,
				883D201222D3B861006C56FB /* Implementations */,
			);
			path = Services;
			sourceTree = "<group>";
		};
		883D200F22D3B861006C56FB /* Assembly */ = {
			isa = PBXGroup;
			children = (
				883D201022D3B861006C56FB /* ServicesAssembly.swift */,
				883D201122D3B861006C56FB /* IServicesAssembly.swift */,
			);
			path = Assembly;
			sourceTree = "<group>";
		};
		883D201222D3B861006C56FB /* Implementations */ = {
			isa = PBXGroup;
			children = (
				883DC2D522DCC0150057E4F5 /* Statistics.swift */,
				883D201322D3B861006C56FB /* EntropyManager.swift */,
				88E84ABB237ECECB00F517EB /* SourceEntropy+ISourceEntropy.swift */,
			);
			path = Implementations;
			sourceTree = "<group>";
		};
		883D201422D3B861006C56FB /* Core */ = {
			isa = PBXGroup;
			children = (
				883D201522D3B861006C56FB /* Assembly */,
				883D201822D3B861006C56FB /* Implementations */,
			);
			path = Core;
			sourceTree = "<group>";
		};
		883D201522D3B861006C56FB /* Assembly */ = {
			isa = PBXGroup;
			children = (
				883D201622D3B861006C56FB /* CoreAssembly.swift */,
				883D201722D3B861006C56FB /* ICoreAssembly.swift */,
			);
			path = Assembly;
			sourceTree = "<group>";
		};
		883D201822D3B861006C56FB /* Implementations */ = {
			isa = PBXGroup;
			children = (
				883D205922D5EF38006C56FB /* Double.swift */,
				883D201922D3B861006C56FB /* SourceFoundation.swift */,
				883D201B22D3B861006C56FB /* SourceDispatch.swift */,
				883D201C22D3B861006C56FB /* SourceUIKit.swift */,
				883D201D22D3B861006C56FB /* SourceCoreLocation.swift */,
				883D201E22D3B861006C56FB /* SourceCoreMotion.swift */,
				883D201F22D3B861006C56FB /* SourceAVFoundation.swift */,
				883D201A22D3B861006C56FB /* SourceReserved.swift */,
			);
			path = Implementations;
			sourceTree = "<group>";
		};
		883D202122D3B861006C56FB /* Presentation */ = {
			isa = PBXGroup;
			children = (
				883D202A22D3B861006C56FB /* Assembly */,
				883D202222D3B861006C56FB /* EntropySourcesList */,
				883D202622D3B861006C56FB /* EntropySource */,
				883D202D22D3B861006C56FB /* Reserved */,
				883D203122D3B861006C56FB /* About */,
			);
			path = Presentation;
			sourceTree = "<group>";
		};
		883D202222D3B861006C56FB /* EntropySourcesList */ = {
			isa = PBXGroup;
			children = (
				883D205222D3B98D006C56FB /* Cell */,
				883D202322D3B861006C56FB /* EntropySourcesListViewController.xib */,
				883D202422D3B861006C56FB /* EntropySourcesListViewController.swift */,
				883D202522D3B861006C56FB /* EntropySourcesListModel.swift */,
			);
			path = EntropySourcesList;
			sourceTree = "<group>";
		};
		883D202622D3B861006C56FB /* EntropySource */ = {
			isa = PBXGroup;
			children = (
				8870CD3922D65ABE008D3F37 /* TouchView.swift */,
				8870CD3B22D65C25008D3F37 /* EntropySourceViewController.swift */,
				883D202722D3B861006C56FB /* EntropySourceModel.swift */,
				883D202822D3B861006C56FB /* EntropySourceViewController.xib */,
			);
			path = EntropySource;
			sourceTree = "<group>";
		};
		883D202A22D3B861006C56FB /* Assembly */ = {
			isa = PBXGroup;
			children = (
				883D202B22D3B861006C56FB /* IPresentationAssembly.swift */,
				883D202C22D3B861006C56FB /* PresentationAssembly.swift */,
			);
			path = Assembly;
			sourceTree = "<group>";
		};
		883D202D22D3B861006C56FB /* Reserved */ = {
			isa = PBXGroup;
			children = (
				883D202E22D3B861006C56FB /* ReservedViewController.swift */,
				883D202F22D3B861006C56FB /* ReservedModel.swift */,
				883D203022D3B861006C56FB /* ReservedViewController.xib */,
			);
			path = Reserved;
			sourceTree = "<group>";
		};
		883D203122D3B861006C56FB /* About */ = {
			isa = PBXGroup;
			children = (
				883D203222D3B861006C56FB /* AboutModel.swift */,
				883D203322D3B861006C56FB /* AboutViewController.xib */,
				883D203422D3B861006C56FB /* AboutViewController.swift */,
			);
			path = About;
			sourceTree = "<group>";
		};
		883D205222D3B98D006C56FB /* Cell */ = {
			isa = PBXGroup;
			children = (
				883D205322D3B98D006C56FB /* EntropyListCell.xib */,
				883D205422D3B98D006C56FB /* EntropyListCell.swift */,
			);
			name = Cell;
			path = EntropyApp/Presentation/EntropySourcesList/Cell;
			sourceTree = SOURCE_ROOT;
		};
		88E84ABD237ECEF700F517EB /* Supporting Files */ = {
			isa = PBXGroup;
			children = (
				883D1FAA22D3B500006C56FB /* Assets.xcassets */,
				883D1FAF22D3B500006C56FB /* Info.plist */,
				883D1FAC22D3B500006C56FB /* LaunchScreen.storyboard */,
			);
			path = "Supporting Files";
			sourceTree = "<group>";
		};
		88E84ABE237ECF2500F517EB /* Assembly */ = {
			isa = PBXGroup;
			children = (
				883D202022D3B861006C56FB /* RootAssembly.swift */,
				883D203522D3B862006C56FB /* IRootAssembly.swift */,
			);
			path = Assembly;
			sourceTree = "<group>";
		};
/* End PBXGroup section */

/* Begin PBXNativeTarget section */
		883D1F9F22D3B4FF006C56FB /* EntropyApp */ = {
			isa = PBXNativeTarget;
			buildConfigurationList = 883D1FB222D3B500006C56FB /* Build configuration list for PBXNativeTarget "EntropyApp" */;
			buildPhases = (
				883D1F9C22D3B4FF006C56FB /* Sources */,
				883D1F9D22D3B4FF006C56FB /* Frameworks */,
				883D1F9E22D3B4FF006C56FB /* Resources */,
			);
			buildRules = (
			);
			dependencies = (
			);
			name = EntropyApp;
			productName = EntropyApp;
			productReference = 883D1FA022D3B4FF006C56FB /* EntropyApp.app */;
			productType = "com.apple.product-type.application";
		};
/* End PBXNativeTarget section */

/* Begin PBXProject section */
		883D1F9822D3B4FF006C56FB /* Project object */ = {
			isa = PBXProject;
			attributes = {
				LastSwiftUpdateCheck = 1020;
				LastUpgradeCheck = 1020;
				ORGANIZATIONNAME = "Андрей Зорькин";
				TargetAttributes = {
					883D1F9F22D3B4FF006C56FB = {
						CreatedOnToolsVersion = 10.2.1;
					};
				};
			};
			buildConfigurationList = 883D1F9B22D3B4FF006C56FB /* Build configuration list for PBXProject "EntropyApp" */;
			compatibilityVersion = "Xcode 9.3";
			developmentRegion = en;
			hasScannedForEncodings = 0;
			knownRegions = (
				en,
				Base,
			);
			mainGroup = 883D1F9722D3B4FF006C56FB;
			productRefGroup = 883D1FA122D3B4FF006C56FB /* Products */;
			projectDirPath = "";
			projectRoot = "";
			targets = (
				883D1F9F22D3B4FF006C56FB /* EntropyApp */,
			);
		};
/* End PBXProject section */

/* Begin PBXResourcesBuildPhase section */
		883D1F9E22D3B4FF006C56FB /* Resources */ = {
			isa = PBXResourcesBuildPhase;
			buildActionMask = 2147483647;
			files = (
				883D1FAE22D3B500006C56FB /* LaunchScreen.storyboard in Resources */,
				883D205522D3B98E006C56FB /* EntropyListCell.xib in Resources */,
				8870CD3322D60925008D3F37 /* ReservedViewController.xib in Resources */,
				883D204F22D3B862006C56FB /* AboutViewController.xib in Resources */,
				883D204322D3B862006C56FB /* EntropySourcesListViewController.xib in Resources */,
				883D204722D3B862006C56FB /* EntropySourceViewController.xib in Resources */,
				883D1FAB22D3B500006C56FB /* Assets.xcassets in Resources */,
			);
			runOnlyForDeploymentPostprocessing = 0;
		};
/* End PBXResourcesBuildPhase section */

/* Begin PBXSourcesBuildPhase section */
		883D1F9C22D3B4FF006C56FB /* Sources */ = {
			isa = PBXSourcesBuildPhase;
			buildActionMask = 2147483647;
			files = (
				883D203922D3B862006C56FB /* CoreAssembly.swift in Sources */,
				883D204422D3B862006C56FB /* EntropySourcesListViewController.swift in Sources */,
				883D203E22D3B862006C56FB /* SourceUIKit.swift in Sources */,
				883D204A22D3B862006C56FB /* PresentationAssembly.swift in Sources */,
				8870CD3C22D65C25008D3F37 /* EntropySourceViewController.swift in Sources */,
				8870CD3422D60930008D3F37 /* ReservedViewController.swift in Sources */,
				883DC2D622DCC0150057E4F5 /* Statistics.swift in Sources */,
				883D204922D3B862006C56FB /* IPresentationAssembly.swift in Sources */,
				883D203F22D3B862006C56FB /* SourceCoreLocation.swift in Sources */,
				883D205A22D5EF38006C56FB /* Double.swift in Sources */,
				88E84ABC237ECECB00F517EB /* SourceEntropy+ISourceEntropy.swift in Sources */,
				883D204622D3B862006C56FB /* EntropySourceModel.swift in Sources */,
				883D204E22D3B862006C56FB /* AboutModel.swift in Sources */,
				883D203C22D3B862006C56FB /* SourceReserved.swift in Sources */,
				883D205122D3B862006C56FB /* IRootAssembly.swift in Sources */,
				883D204522D3B862006C56FB /* EntropySourcesListModel.swift in Sources */,
				883D205622D3B98E006C56FB /* EntropyListCell.swift in Sources */,
				883D204222D3B862006C56FB /* RootAssembly.swift in Sources */,
				883D204122D3B862006C56FB /* SourceAVFoundation.swift in Sources */,
				883D204022D3B862006C56FB /* SourceCoreMotion.swift in Sources */,
				883D203B22D3B862006C56FB /* SourceFoundation.swift in Sources */,
				883D203A22D3B862006C56FB /* ICoreAssembly.swift in Sources */,
				883D205022D3B862006C56FB /* AboutViewController.swift in Sources */,
				883D203D22D3B862006C56FB /* SourceDispatch.swift in Sources */,
				8870CD3522D60930008D3F37 /* ReservedModel.swift in Sources */,
				883D203622D3B862006C56FB /* ServicesAssembly.swift in Sources */,
				8870CD3A22D65ABE008D3F37 /* TouchView.swift in Sources */,
				883D203822D3B862006C56FB /* EntropyManager.swift in Sources */,
				883D1FA422D3B4FF006C56FB /* AppDelegate.swift in Sources */,
				883D203722D3B862006C56FB /* IServicesAssembly.swift in Sources */,
			);
			runOnlyForDeploymentPostprocessing = 0;
		};
/* End PBXSourcesBuildPhase section */

/* Begin PBXVariantGroup section */
		883D1FAC22D3B500006C56FB /* LaunchScreen.storyboard */ = {
			isa = PBXVariantGroup;
			children = (
				883D1FAD22D3B500006C56FB /* Base */,
			);
			name = LaunchScreen.storyboard;
			sourceTree = "<group>";
		};
/* End PBXVariantGroup section */

/* Begin XCBuildConfiguration section */
		883D1FB022D3B500006C56FB /* Debug */ = {
			isa = XCBuildConfiguration;
			buildSettings = {
				ALWAYS_SEARCH_USER_PATHS = NO;
				CLANG_ANALYZER_NONNULL = YES;
				CLANG_ANALYZER_NUMBER_OBJECT_CONVERSION = YES_AGGRESSIVE;
				CLANG_CXX_LANGUAGE_STANDARD = "gnu++14";
				CLANG_CXX_LIBRARY = "libc++";
				CLANG_ENABLE_MODULES = YES;
				CLANG_ENABLE_OBJC_ARC = YES;
				CLANG_ENABLE_OBJC_WEAK = YES;
				CLANG_WARN_BLOCK_CAPTURE_AUTORELEASING = YES;
				CLANG_WARN_BOOL_CONVERSION = YES;
				CLANG_WARN_COMMA = YES;
				CLANG_WARN_CONSTANT_CONVERSION = YES;
				CLANG_WARN_DEPRECATED_OBJC_IMPLEMENTATIONS = YES;
				CLANG_WARN_DIRECT_OBJC_ISA_USAGE = YES_ERROR;
				CLANG_WARN_DOCUMENTATION_COMMENTS = YES;
				CLANG_WARN_EMPTY_BODY = YES;
				CLANG_WARN_ENUM_CONVERSION = YES;
				CLANG_WARN_INFINITE_RECURSION = YES;
				CLANG_WARN_INT_CONVERSION = YES;
				CLANG_WARN_NON_LITERAL_NULL_CONVERSION = YES;
				CLANG_WARN_OBJC_IMPLICIT_RETAIN_SELF = YES;
				CLANG_WARN_OBJC_LITERAL_CONVERSION = YES;
				CLANG_WARN_OBJC_ROOT_CLASS = YES_ERROR;
				CLANG_WARN_RANGE_LOOP_ANALYSIS = YES;
				CLANG_WARN_STRICT_PROTOTYPES = YES;
				CLANG_WARN_SUSPICIOUS_MOVE = YES;
				CLANG_WARN_UNGUARDED_AVAILABILITY = YES_AGGRESSIVE;
				CLANG_WARN_UNREACHABLE_CODE = YES;
				CLANG_WARN__DUPLICATE_METHOD_MATCH = YES;
				CODE_SIGN_IDENTITY = "iPhone Developer";
				COPY_PHASE_STRIP = NO;
				DEBUG_INFORMATION_FORMAT = dwarf;
				ENABLE_STRICT_OBJC_MSGSEND = YES;
				ENABLE_TESTABILITY = YES;
				GCC_C_LANGUAGE_STANDARD = gnu11;
				GCC_DYNAMIC_NO_PIC = NO;
				GCC_NO_COMMON_BLOCKS = YES;
				GCC_OPTIMIZATION_LEVEL = 0;
				GCC_PREPROCESSOR_DEFINITIONS = (
					"DEBUG=1",
					"$(inherited)",
				);
				GCC_WARN_64_TO_32_BIT_CONVERSION = YES;
				GCC_WARN_ABOUT_RETURN_TYPE = YES_ERROR;
				GCC_WARN_UNDECLARED_SELECTOR = YES;
				GCC_WARN_UNINITIALIZED_AUTOS = YES_AGGRESSIVE;
				GCC_WARN_UNUSED_FUNCTION = YES;
				GCC_WARN_UNUSED_VARIABLE = YES;
				IPHONEOS_DEPLOYMENT_TARGET = 12.2;
				MTL_ENABLE_DEBUG_INFO = INCLUDE_SOURCE;
				MTL_FAST_MATH = YES;
				ONLY_ACTIVE_ARCH = YES;
				SDKROOT = iphoneos;
				SWIFT_ACTIVE_COMPILATION_CONDITIONS = DEBUG;
				SWIFT_OPTIMIZATION_LEVEL = "-Onone";
			};
			name = Debug;
		};
		883D1FB122D3B500006C56FB /* Release */ = {
			isa = XCBuildConfiguration;
			buildSettings = {
				ALWAYS_SEARCH_USER_PATHS = NO;
				CLANG_ANALYZER_NONNULL = YES;
				CLANG_ANALYZER_NUMBER_OBJECT_CONVERSION = YES_AGGRESSIVE;
				CLANG_CXX_LANGUAGE_STANDARD = "gnu++14";
				CLANG_CXX_LIBRARY = "libc++";
				CLANG_ENABLE_MODULES = YES;
				CLANG_ENABLE_OBJC_ARC = YES;
				CLANG_ENABLE_OBJC_WEAK = YES;
				CLANG_WARN_BLOCK_CAPTURE_AUTORELEASING = YES;
				CLANG_WARN_BOOL_CONVERSION = YES;
				CLANG_WARN_COMMA = YES;
				CLANG_WARN_CONSTANT_CONVERSION = YES;
				CLANG_WARN_DEPRECATED_OBJC_IMPLEMENTATIONS = YES;
				CLANG_WARN_DIRECT_OBJC_ISA_USAGE = YES_ERROR;
				CLANG_WARN_DOCUMENTATION_COMMENTS = YES;
				CLANG_WARN_EMPTY_BODY = YES;
				CLANG_WARN_ENUM_CONVERSION = YES;
				CLANG_WARN_INFINITE_RECURSION = YES;
				CLANG_WARN_INT_CONVERSION = YES;
				CLANG_WARN_NON_LITERAL_NULL_CONVERSION = YES;
				CLANG_WARN_OBJC_IMPLICIT_RETAIN_SELF = YES;
				CLANG_WARN_OBJC_LITERAL_CONVERSION = YES;
				CLANG_WARN_OBJC_ROOT_CLASS = YES_ERROR;
				CLANG_WARN_RANGE_LOOP_ANALYSIS = YES;
				CLANG_WARN_STRICT_PROTOTYPES = YES;
				CLANG_WARN_SUSPICIOUS_MOVE = YES;
				CLANG_WARN_UNGUARDED_AVAILABILITY = YES_AGGRESSIVE;
				CLANG_WARN_UNREACHABLE_CODE = YES;
				CLANG_WARN__DUPLICATE_METHOD_MATCH = YES;
				CODE_SIGN_IDENTITY = "iPhone Developer";
				COPY_PHASE_STRIP = NO;
				DEBUG_INFORMATION_FORMAT = "dwarf-with-dsym";
				ENABLE_NS_ASSERTIONS = NO;
				ENABLE_STRICT_OBJC_MSGSEND = YES;
				GCC_C_LANGUAGE_STANDARD = gnu11;
				GCC_NO_COMMON_BLOCKS = YES;
				GCC_WARN_64_TO_32_BIT_CONVERSION = YES;
				GCC_WARN_ABOUT_RETURN_TYPE = YES_ERROR;
				GCC_WARN_UNDECLARED_SELECTOR = YES;
				GCC_WARN_UNINITIALIZED_AUTOS = YES_AGGRESSIVE;
				GCC_WARN_UNUSED_FUNCTION = YES;
				GCC_WARN_UNUSED_VARIABLE = YES;
				IPHONEOS_DEPLOYMENT_TARGET = 12.2;
				MTL_ENABLE_DEBUG_INFO = NO;
				MTL_FAST_MATH = YES;
				SDKROOT = iphoneos;
				SWIFT_COMPILATION_MODE = wholemodule;
				SWIFT_OPTIMIZATION_LEVEL = "-O";
				VALIDATE_PRODUCT = YES;
			};
			name = Release;
		};
		883D1FB322D3B500006C56FB /* Debug */ = {
			isa = XCBuildConfiguration;
			buildSettings = {
				ASSETCATALOG_COMPILER_APPICON_NAME = AppIcon;
				CODE_SIGN_STYLE = Automatic;
				DEVELOPMENT_TEAM = UQ4JTX9RTT;
				INFOPLIST_FILE = "EntropyApp/Supporting FIles/Info.plist";
				IPHONEOS_DEPLOYMENT_TARGET = 10.0;
				LD_RUNPATH_SEARCH_PATHS = (
					"$(inherited)",
					"@executable_path/Frameworks",
				);
				PRODUCT_BUNDLE_IDENTIFIER = zooorkin.EntropyApp2;
				PRODUCT_NAME = "$(TARGET_NAME)";
				SWIFT_VERSION = 5.0;
				TARGETED_DEVICE_FAMILY = "1,2";
			};
			name = Debug;
		};
		883D1FB422D3B500006C56FB /* Release */ = {
			isa = XCBuildConfiguration;
			buildSettings = {
				ASSETCATALOG_COMPILER_APPICON_NAME = AppIcon;
				CODE_SIGN_STYLE = Automatic;
				DEVELOPMENT_TEAM = UQ4JTX9RTT;
				INFOPLIST_FILE = "EntropyApp/Supporting FIles/Info.plist";
				IPHONEOS_DEPLOYMENT_TARGET = 10.0;
				LD_RUNPATH_SEARCH_PATHS = (
					"$(inherited)",
					"@executable_path/Frameworks",
				);
				PRODUCT_BUNDLE_IDENTIFIER = zooorkin.EntropyApp2;
				PRODUCT_NAME = "$(TARGET_NAME)";
				SWIFT_VERSION = 5.0;
				TARGETED_DEVICE_FAMILY = "1,2";
			};
			name = Release;
		};
/* End XCBuildConfiguration section */

/* Begin XCConfigurationList section */
		883D1F9B22D3B4FF006C56FB /* Build configuration list for PBXProject "EntropyApp" */ = {
			isa = XCConfigurationList;
			buildConfigurations = (
				883D1FB022D3B500006C56FB /* Debug */,
				883D1FB122D3B500006C56FB /* Release */,
			);
			defaultConfigurationIsVisible = 0;
			defaultConfigurationName = Release;
		};
		883D1FB222D3B500006C56FB /* Build configuration list for PBXNativeTarget "EntropyApp" */ = {
			isa = XCConfigurationList;
			buildConfigurations = (
				883D1FB322D3B500006C56FB /* Debug */,
				883D1FB422D3B500006C56FB /* Release */,
			);
			defaultConfigurationIsVisible = 0;
			defaultConfigurationName = Release;
		};
/* End XCConfigurationList section */
	};
	rootObject = 883D1F9822D3B4FF006C56FB /* Project object */;
}
